PODS:
  - Alamofire (4.5.1)
  - Google-Mobile-Ads-SDK (7.23.0)
  - INSPersistentContainer (1.0.2)

DEPENDENCIES:
  - Alamofire (~> 4.5)
  - Google-Mobile-Ads-SDK
  - INSPersistentContainer

SPEC CHECKSUMS:
  Alamofire: 2d95912bf4c34f164fdfc335872e8c312acaea4a
  Google-Mobile-Ads-SDK: a43dc8efdb566c74d00ac6934c781de969348d80
  INSPersistentContainer: 7e04a0d332ba075441ce0ee73d584ce84d76ac23

PODFILE CHECKSUM: 22669955c2652b8d9723880290895f5cd93b8b84

COCOAPODS: 1.2.1
